
Microsoft Visual Studio Solution File, Format Version 12.00
# Visual Studio 15
VisualStudioVersion = 15.0.27428.2037
MinimumVisualStudioVersion = 10.0.40219.1
Project("{9A19103F-16F7-4668-BE54-9A1E7A4F7556}") = "Shortest", "Shortest\Shortest.csproj", "{6F309FAC-1358-4B80-BC17-17A24BFB5C43}"
EndProject
Project("{9A19103F-16F7-4668-BE54-9A1E7A4F7556}") = "DataAccess", "DataAccess\DataAccess.csproj", "{1FEF1A52-2C6D-4694-8463-57B91F2E0905}"
EndProject
Project("{9A19103F-16F7-4668-BE54-9A1E7A4F7556}") = "DataAccess.Sqlite", "DataAccess.SQLite\DataAccess.Sqlite.csproj", "{3B46AA37-7146-4982-8E8A-73FA1B43ABE0}"
EndProject
Project("{9A19103F-16F7-4668-BE54-9A1E7A4F7556}") = "Infrastructure", "Infrastructure\Infrastructure.csproj", "{6FBABCAB-B837-41C9-A794-CBE40F4052F4}"
EndProject
Project("{9A19103F-16F7-4668-BE54-9A1E7A4F7556}") = "DataAccess.Sqlite.Tests", "DataAccess.Sqlite.Tests\DataAccess.Sqlite.Tests.csproj", "{2DDFDC0F-A58F-4623-947A-1CC9ED70A787}"
EndProject
Project("{FAE04EC0-301F-11D3-BF4B-00C04F79EFBC}") = "Shortest.Tests", "Shortest.Tests\Shortest.Tests.csproj", "{E744F320-974A-42F4-BF4E-7EC8E59FD972}"
EndProject
Project("{FAE04EC0-301F-11D3-BF4B-00C04F79EFBC}") = "Shortest.Auth", "Shortest.Auth\Shortest.Auth.csproj", "{A498CB52-AA85-4671-A68C-0B47E3886D19}"
EndProject
Global
	GlobalSection(SolutionConfigurationPlatforms) = preSolution
		Debug|Any CPU = Debug|Any CPU
		Release|Any CPU = Release|Any CPU
	EndGlobalSection
	GlobalSection(ProjectConfigurationPlatforms) = postSolution
		{6F309FAC-1358-4B80-BC17-17A24BFB5C43}.Debug|Any CPU.ActiveCfg = Debug|Any CPU
		{6F309FAC-1358-4B80-BC17-17A24BFB5C43}.Debug|Any CPU.Build.0 = Debug|Any CPU
		{6F309FAC-1358-4B80-BC17-17A24BFB5C43}.Release|Any CPU.ActiveCfg = Release|Any CPU
		{6F309FAC-1358-4B80-BC17-17A24BFB5C43}.Release|Any CPU.Build.0 = Release|Any CPU
		{1FEF1A52-2C6D-4694-8463-57B91F2E0905}.Debug|Any CPU.ActiveCfg = Debug|Any CPU
		{1FEF1A52-2C6D-4694-8463-57B91F2E0905}.Debug|Any CPU.Build.0 = Debug|Any CPU
		{1FEF1A52-2C6D-4694-8463-57B91F2E0905}.Release|Any CPU.ActiveCfg = Release|Any CPU
		{1FEF1A52-2C6D-4694-8463-57B91F2E0905}.Release|Any CPU.Build.0 = Release|Any CPU
		{3B46AA37-7146-4982-8E8A-73FA1B43ABE0}.Debug|Any CPU.ActiveCfg = Debug|Any CPU
		{3B46AA37-7146-4982-8E8A-73FA1B43ABE0}.Debug|Any CPU.Build.0 = Debug|Any CPU
		{3B46AA37-7146-4982-8E8A-73FA1B43ABE0}.Release|Any CPU.ActiveCfg = Release|Any CPU
		{3B46AA37-7146-4982-8E8A-73FA1B43ABE0}.Release|Any CPU.Build.0 = Release|Any CPU
		{6FBABCAB-B837-41C9-A794-CBE40F4052F4}.Debug|Any CPU.ActiveCfg = Debug|Any CPU
		{6FBABCAB-B837-41C9-A794-CBE40F4052F4}.Debug|Any CPU.Build.0 = Debug|Any CPU
		{6FBABCAB-B837-41C9-A794-CBE40F4052F4}.Release|Any CPU.ActiveCfg = Release|Any CPU
		{6FBABCAB-B837-41C9-A794-CBE40F4052F4}.Release|Any CPU.Build.0 = Release|Any CPU
		{2DDFDC0F-A58F-4623-947A-1CC9ED70A787}.Debug|Any CPU.ActiveCfg = Debug|Any CPU
		{2DDFDC0F-A58F-4623-947A-1CC9ED70A787}.Debug|Any CPU.Build.0 = Debug|Any CPU
		{2DDFDC0F-A58F-4623-947A-1CC9ED70A787}.Release|Any CPU.ActiveCfg = Release|Any CPU
		{2DDFDC0F-A58F-4623-947A-1CC9ED70A787}.Release|Any CPU.Build.0 = Release|Any CPU
		{E744F320-974A-42F4-BF4E-7EC8E59FD972}.Debug|Any CPU.ActiveCfg = Debug|Any CPU
		{E744F320-974A-42F4-BF4E-7EC8E59FD972}.Debug|Any CPU.Build.0 = Debug|Any CPU
		{E744F320-974A-42F4-BF4E-7EC8E59FD972}.Release|Any CPU.ActiveCfg = Release|Any CPU
		{E744F320-974A-42F4-BF4E-7EC8E59FD972}.Release|Any CPU.Build.0 = Release|Any CPU
		{A498CB52-AA85-4671-A68C-0B47E3886D19}.Debug|Any CPU.ActiveCfg = Debug|Any CPU
		{A498CB52-AA85-4671-A68C-0B47E3886D19}.Debug|Any CPU.Build.0 = Debug|Any CPU
		{A498CB52-AA85-4671-A68C-0B47E3886D19}.Release|Any CPU.ActiveCfg = Release|Any CPU
		{A498CB52-AA85-4671-A68C-0B47E3886D19}.Release|Any CPU.Build.0 = Release|Any CPU
	EndGlobalSection
	GlobalSection(SolutionProperties) = preSolution
		HideSolutionNode = FALSE
	EndGlobalSection
	GlobalSection(ExtensibilityGlobals) = postSolution
		SolutionGuid = {B7A51D75-B86A-4C88-B16C-187CA8AAAE8E}
	EndGlobalSection
EndGlobal
